# THIS IS AN AUTOGENERATED FILE. DO NOT EDIT THIS FILE DIRECTLY.
# yarn lockfile v1


"airplane@^0.0.5":
  "integrity" "sha512-HPPAoB+IjdzQQSuW66Mq5BgqKZevrgJJpiUj8TXtc8MBBlg1rZTaNgYr5h9fneSZ4wr+yS8QC8T4sTErLsT/hQ=="
  "resolved" "https://registry.npmjs.org/airplane/-/airplane-0.0.5.tgz"
  "version" "0.0.5"

"pkg1@1.0.0", "pkg1@file:/Users/colin/dev/airplanedev/cli/pkg/examples/typescript/yarnworkspaces/pkg1":
  "resolved" "file:pkg1"
  "version" "1.0.0"

"pkg2@file:/Users/colin/dev/airplanedev/cli/pkg/examples/typescript/yarnworkspaces/pkg2":
  "resolved" "file:pkg2"
  "version" "1.0.0"
  dependencies:
    "airplane" "^0.0.5"
    "pkg1" "1.0.0"
