{
  "name": "npm",
  "lockfileVersion": 2,
  "requires": true,
  "packages": {
    "": {
      "dependencies": {
        "airplane": "^0.0.5"
      }
    },
    "node_modules/airplane": {
      "version": "0.0.5",
      "resolved": "https://registry.npmjs.org/airplane/-/airplane-0.0.5.tgz",
      "integrity": "sha512-HPPAoB+IjdzQQSuW66Mq5BgqKZevrgJJpiUj8TXtc8MBBlg1rZTaNgYr5h9fneSZ4wr+yS8QC8T4sTErLsT/hQ=="
    }
  },
  "dependencies": {
    "airplane": {
      "version": "0.0.5",
      "resolved": "https://registry.npmjs.org/airplane/-/airplane-0.0.5.tgz",
      "integrity": "sha512-HPPAoB+IjdzQQSuW66Mq5BgqKZevrgJJpiUj8TXtc8MBBlg1rZTaNgYr5h9fneSZ4wr+yS8QC8T4sTErLsT/hQ=="
    }
  }
}
